{
  "lockfile-version": 1,
  "manifest": {
    "version": 1,
    "install": {
      "aws": {
        "pkg-path": "awscli2",
        "version": "2.26.4"
      },
      "aws_cdk_dependency_nodejs": {
        "pkg-path": "nodejs",
        "version": "22.14.0"
      },
      "aws_cdk_dependency_ts": {
        "pkg-path": "typescript",
        "version": "5.8.2"
      },
      "cdk": {
        "pkg-path": "nodePackages.aws-cdk",
        "pkg-group": "aws-cdk",
        "version": "2.1004.0"
      },
      "jq": {
        "pkg-path": "jq",
        "version": "1.7.1"
      }
    },
    "hook": {},
    "profile": {},
    "options": {
      "systems": [
        "aarch64-darwin",
        "aarch64-linux",
        "x86_64-darwin",
        "x86_64-linux"
      ]
    }
  },
  "packages": [
    {
      "attr_path": "nodePackages.aws-cdk",
      "broken": false,
      "derivation": "/nix/store/wkgx24wdn6bdr6lxadhyx0snk4cyp8cf-aws-cdk-2.1004.0.drv",
      "description": "AWS CDK CLI, the command line tool for CDK apps",
      "install_id": "cdk",
      "license": "Apache-2.0",
      "locked_url": "https://github.com/flox/nixpkgs?rev=46e634be05ce9dc6d4db8e664515ba10b78151ae",
      "name": "aws-cdk-2.1004.0",
      "pname": "aws-cdk",
      "rev": "46e634be05ce9dc6d4db8e664515ba10b78151ae",
      "rev_count": 791944,
      "rev_date": "2025-04-29T12:35:57Z",
      "scrape_date": "2025-04-30T04:20:49.483971Z",
      "stabilities": [
        "unstable"
      ],
      "unfree": false,
      "version": "2.1004.0",
      "outputs_to_install": [
        "out"
      ],
      "outputs": {
        "out": "/nix/store/kc6ibmh1z1dn12ii9nxmn9dqv041fnx4-aws-cdk-2.1004.0"
      },
      "system": "aarch64-darwin",
      "group": "aws-cdk",
      "priority": 5
    },
    {
      "attr_path": "nodePackages.aws-cdk",
      "broken": false,
      "derivation": "/nix/store/1fq25q8r6s28rwjxsady07h4k8scz8pi-aws-cdk-2.1004.0.drv",
      "description": "AWS CDK CLI, the command line tool for CDK apps",
      "install_id": "cdk",
      "license": "Apache-2.0",
      "locked_url": "https://github.com/flox/nixpkgs?rev=46e634be05ce9dc6d4db8e664515ba10b78151ae",
      "name": "aws-cdk-2.1004.0",
      "pname": "aws-cdk",
      "rev": "46e634be05ce9dc6d4db8e664515ba10b78151ae",
      "rev_count": 791944,
      "rev_date": "2025-04-29T12:35:57Z",
      "scrape_date": "2025-04-30T04:40:10.095761Z",
      "stabilities": [
        "unstable"
      ],
      "unfree": false,
      "version": "2.1004.0",
      "outputs_to_install": [
        "out"
      ],
      "outputs": {
        "out": "/nix/store/iarrs06jn3zydlrkzz5d4iqvr07xlgly-aws-cdk-2.1004.0"
      },
      "system": "aarch64-linux",
      "group": "aws-cdk",
      "priority": 5
    },
    {
      "attr_path": "nodePackages.aws-cdk",
      "broken": false,
      "derivation": "/nix/store/6zgd6scrz91m95i8dr6qwigw4jdmjhd0-aws-cdk-2.1004.0.drv",
      "description": "AWS CDK CLI, the command line tool for CDK apps",
      "install_id": "cdk",
      "license": "Apache-2.0",
      "locked_url": "https://github.com/flox/nixpkgs?rev=46e634be05ce9dc6d4db8e664515ba10b78151ae",
      "name": "aws-cdk-2.1004.0",
      "pname": "aws-cdk",
      "rev": "46e634be05ce9dc6d4db8e664515ba10b78151ae",
      "rev_count": 791944,
      "rev_date": "2025-04-29T12:35:57Z",
      "scrape_date": "2025-04-30T04:57:11.222241Z",
      "stabilities": [
        "unstable"
      ],
      "unfree": false,
      "version": "2.1004.0",
      "outputs_to_install": [
        "out"
      ],
      "outputs": {
        "out": "/nix/store/k7z3ssdfv2plpi24bsyb433plbxa4mr4-aws-cdk-2.1004.0"
      },
      "system": "x86_64-darwin",
      "group": "aws-cdk",
      "priority": 5
    },
    {
      "attr_path": "nodePackages.aws-cdk",
      "broken": false,
      "derivation": "/nix/store/k05y2pkhjswk84mcd0s30imn4rgn858h-aws-cdk-2.1004.0.drv",
      "description": "AWS CDK CLI, the command line tool for CDK apps",
      "install_id": "cdk",
      "license": "Apache-2.0",
      "locked_url": "https://github.com/flox/nixpkgs?rev=46e634be05ce9dc6d4db8e664515ba10b78151ae",
      "name": "aws-cdk-2.1004.0",
      "pname": "aws-cdk",
      "rev": "46e634be05ce9dc6d4db8e664515ba10b78151ae",
      "rev_count": 791944,
      "rev_date": "2025-04-29T12:35:57Z",
      "scrape_date": "2025-04-30T05:22:28.205894Z",
      "stabilities": [
        "unstable"
      ],
      "unfree": false,
      "version": "2.1004.0",
      "outputs_to_install": [
        "out"
      ],
      "outputs": {
        "out": "/nix/store/znkc534li57qa9cppj42kpisgms2bini-aws-cdk-2.1004.0"
      },
      "system": "x86_64-linux",
      "group": "aws-cdk",
      "priority": 5
    },
    {
      "attr_path": "awscli2",
      "broken": false,
      "derivation": "/nix/store/qfphgznrarbjcibdjqzaskgp0ifyxbs7-awscli2-2.26.4.drv",
      "description": "Unified tool to manage your AWS services",
      "install_id": "aws",
      "license": "Apache-2.0",
      "locked_url": "https://github.com/flox/nixpkgs?rev=46e634be05ce9dc6d4db8e664515ba10b78151ae",
      "name": "awscli2-2.26.4",
      "pname": "awscli2",
      "rev": "46e634be05ce9dc6d4db8e664515ba10b78151ae",
      "rev_count": 791944,
      "rev_date": "2025-04-29T12:35:57Z",
      "scrape_date": "2025-04-30T04:19:44.799079Z",
      "stabilities": [
        "unstable"
      ],
      "unfree": false,
      "version": "2.26.4",
      "outputs_to_install": [
        "out"
      ],
      "outputs": {
        "dist": "/nix/store/c11ys14ah883c18xp8firkrwm15xqjr8-awscli2-2.26.4-dist",
        "out": "/nix/store/mjfpdzngl32082m1yq7jcbx302db3gkg-awscli2-2.26.4"
      },
      "system": "aarch64-darwin",
      "group": "toplevel",
      "priority": 5
    },
    {
      "attr_path": "awscli2",
      "broken": false,
      "derivation": "/nix/store/1r6jkfwvfww8fjw3f96n526xmbxpqhi6-awscli2-2.26.4.drv",
      "description": "Unified tool to manage your AWS services",
      "install_id": "aws",
      "license": "Apache-2.0",
      "locked_url": "https://github.com/flox/nixpkgs?rev=46e634be05ce9dc6d4db8e664515ba10b78151ae",
      "name": "awscli2-2.26.4",
      "pname": "awscli2",
      "rev": "46e634be05ce9dc6d4db8e664515ba10b78151ae",
      "rev_count": 791944,
      "rev_date": "2025-04-29T12:35:57Z",
      "scrape_date": "2025-04-30T04:38:30.170099Z",
      "stabilities": [
        "unstable"
      ],
      "unfree": false,
      "version": "2.26.4",
      "outputs_to_install": [
        "out"
      ],
      "outputs": {
        "dist": "/nix/store/b83jnihkplbxdnmwml86lzr95hj0c23f-awscli2-2.26.4-dist",
        "out": "/nix/store/6lgnl2xs5gq7c2y6girysws7dv412118-awscli2-2.26.4"
      },
      "system": "aarch64-linux",
      "group": "toplevel",
      "priority": 5
    },
    {
      "attr_path": "awscli2",
      "broken": false,
      "derivation": "/nix/store/ly1wd5xkxidb2wbja4gwd77kxqa2in7z-awscli2-2.26.4.drv",
      "description": "Unified tool to manage your AWS services",
      "install_id": "aws",
      "license": "Apache-2.0",
      "locked_url": "https://github.com/flox/nixpkgs?rev=46e634be05ce9dc6d4db8e664515ba10b78151ae",
      "name": "awscli2-2.26.4",
      "pname": "awscli2",
      "rev": "46e634be05ce9dc6d4db8e664515ba10b78151ae",
      "rev_count": 791944,
      "rev_date": "2025-04-29T12:35:57Z",
      "scrape_date": "2025-04-30T04:56:06.626675Z",
      "stabilities": [
        "unstable"
      ],
      "unfree": false,
      "version": "2.26.4",
      "outputs_to_install": [
        "out"
      ],
      "outputs": {
        "dist": "/nix/store/hjql7931iny3jd6fmwsd7p9y7zi7kp1r-awscli2-2.26.4-dist",
        "out": "/nix/store/x15d44f2vrmvfk7l8dwr0zxw27n1wdil-awscli2-2.26.4"
      },
      "system": "x86_64-darwin",
      "group": "toplevel",
      "priority": 5
    },
    {
      "attr_path": "awscli2",
      "broken": false,
      "derivation": "/nix/store/pfm0a3dk0yqvg9sbcb860mrjk1grqg1l-awscli2-2.26.4.drv",
      "description": "Unified tool to manage your AWS services",
      "install_id": "aws",
      "license": "Apache-2.0",
      "locked_url": "https://github.com/flox/nixpkgs?rev=46e634be05ce9dc6d4db8e664515ba10b78151ae",
      "name": "awscli2-2.26.4",
      "pname": "awscli2",
      "rev": "46e634be05ce9dc6d4db8e664515ba10b78151ae",
      "rev_count": 791944,
      "rev_date": "2025-04-29T12:35:57Z",
      "scrape_date": "2025-04-30T05:20:36.313662Z",
      "stabilities": [
        "unstable"
      ],
      "unfree": false,
      "version": "2.26.4",
      "outputs_to_install": [
        "out"
      ],
      "outputs": {
        "dist": "/nix/store/k5frj41lmhlzbzc81qvpx1j7wmb2dlgy-awscli2-2.26.4-dist",
        "out": "/nix/store/36zi9q6qp1gw2fpiqagxhyvi54d44jm3-awscli2-2.26.4"
      },
      "system": "x86_64-linux",
      "group": "toplevel",
      "priority": 5
    },
    {
      "attr_path": "nodejs",
      "broken": false,
      "derivation": "/nix/store/5cwk9l1iwpwcisih5ll7mc2i6w42y05m-nodejs-22.14.0.drv",
      "description": "Event-driven I/O framework for the V8 JavaScript engine",
      "install_id": "aws_cdk_dependency_nodejs",
      "license": "MIT",
      "locked_url": "https://github.com/flox/nixpkgs?rev=46e634be05ce9dc6d4db8e664515ba10b78151ae",
      "name": "nodejs-22.14.0",
      "pname": "nodejs",
      "rev": "46e634be05ce9dc6d4db8e664515ba10b78151ae",
      "rev_count": 791944,
      "rev_date": "2025-04-29T12:35:57Z",
      "scrape_date": "2025-04-30T04:19:48.077100Z",
      "stabilities": [
        "unstable"
      ],
      "unfree": false,
      "version": "22.14.0",
      "outputs_to_install": [
        "out"
      ],
      "outputs": {
        "dev": "/nix/store/zbr4fi11j897pa9jikqpviz57kagvizv-nodejs-22.14.0-dev",
        "libv8": "/nix/store/9rp5sb2nb5549qqax4v6ly4glixjm6d5-nodejs-22.14.0-libv8",
        "out": "/nix/store/2ribxb3gi87gj4331m6k0ydn0z90zfi7-nodejs-22.14.0"
      },
      "system": "aarch64-darwin",
      "group": "toplevel",
      "priority": 5
    },
    {
      "attr_path": "nodejs",
      "broken": false,
      "derivation": "/nix/store/nyhl0yyi565hhjyrmfispr5hn7ngi5wm-nodejs-22.14.0.drv",
      "description": "Event-driven I/O framework for the V8 JavaScript engine",
      "install_id": "aws_cdk_dependency_nodejs",
      "license": "MIT",
      "locked_url": "https://github.com/flox/nixpkgs?rev=46e634be05ce9dc6d4db8e664515ba10b78151ae",
      "name": "nodejs-22.14.0",
      "pname": "nodejs",
      "rev": "46e634be05ce9dc6d4db8e664515ba10b78151ae",
      "rev_count": 791944,
      "rev_date": "2025-04-29T12:35:57Z",
      "scrape_date": "2025-04-30T04:38:40.847966Z",
      "stabilities": [
        "unstable"
      ],
      "unfree": false,
      "version": "22.14.0",
      "outputs_to_install": [
        "out"
      ],
      "outputs": {
        "dev": "/nix/store/b975kpw4xq9l4m90qs8gmgvvdblh76hx-nodejs-22.14.0-dev",
        "libv8": "/nix/store/spb7cz129wvcq4m236y28p7lai5pfxdc-nodejs-22.14.0-libv8",
        "out": "/nix/store/hcblf8qj655kfvnfr5l6py7559w0mp78-nodejs-22.14.0"
      },
      "system": "aarch64-linux",
      "group": "toplevel",
      "priority": 5
    },
    {
      "attr_path": "nodejs",
      "broken": false,
      "derivation": "/nix/store/wrmqrzz9hf83k8hc3jpym5gaw8p5wsgp-nodejs-22.14.0.drv",
      "description": "Event-driven I/O framework for the V8 JavaScript engine",
      "install_id": "aws_cdk_dependency_nodejs",
      "license": "MIT",
      "locked_url": "https://github.com/flox/nixpkgs?rev=46e634be05ce9dc6d4db8e664515ba10b78151ae",
      "name": "nodejs-22.14.0",
      "pname": "nodejs",
      "rev": "46e634be05ce9dc6d4db8e664515ba10b78151ae",
      "rev_count": 791944,
      "rev_date": "2025-04-29T12:35:57Z",
      "scrape_date": "2025-04-30T04:56:09.879350Z",
      "stabilities": [
        "unstable"
      ],
      "unfree": false,
      "version": "22.14.0",
      "outputs_to_install": [
        "out"
      ],
      "outputs": {
        "dev": "/nix/store/ip5m8y2wj2cw44r1gh6yc7718qxsjphp-nodejs-22.14.0-dev",
        "libv8": "/nix/store/mmyh4261jrk7i9wylz6pjrp1rllvpfvs-nodejs-22.14.0-libv8",
        "out": "/nix/store/v0hpyc6r6qdwvydvgybn51jvajxqxz9f-nodejs-22.14.0"
      },
      "system": "x86_64-darwin",
      "group": "toplevel",
      "priority": 5
    },
    {
      "attr_path": "nodejs",
      "broken": false,
      "derivation": "/nix/store/lvmx1yi282jmc8y01zz05vac8h554h34-nodejs-22.14.0.drv",
      "description": "Event-driven I/O framework for the V8 JavaScript engine",
      "install_id": "aws_cdk_dependency_nodejs",
      "license": "MIT",
      "locked_url": "https://github.com/flox/nixpkgs?rev=46e634be05ce9dc6d4db8e664515ba10b78151ae",
      "name": "nodejs-22.14.0",
      "pname": "nodejs",
      "rev": "46e634be05ce9dc6d4db8e664515ba10b78151ae",
      "rev_count": 791944,
      "rev_date": "2025-04-29T12:35:57Z",
      "scrape_date": "2025-04-30T05:20:49.336914Z",
      "stabilities": [
        "unstable"
      ],
      "unfree": false,
      "version": "22.14.0",
      "outputs_to_install": [
        "out"
      ],
      "outputs": {
        "dev": "/nix/store/pyhz87g4xnb88rh372p7xxls49hivh57-nodejs-22.14.0-dev",
        "libv8": "/nix/store/ac2187x84ggp1vpxnw4y81xy3caqz77s-nodejs-22.14.0-libv8",
        "out": "/nix/store/5z0wi8qwah6y9cv3na0fgjzbk9ihh1pz-nodejs-22.14.0"
      },
      "system": "x86_64-linux",
      "group": "toplevel",
      "priority": 5
    },
    {
      "attr_path": "typescript",
      "broken": false,
      "derivation": "/nix/store/dij24lymx74jslmwmfn2xb6kchf32xfn-typescript-5.8.2.drv",
      "description": "Superset of JavaScript that compiles to clean JavaScript output",
      "install_id": "aws_cdk_dependency_ts",
      "license": "Apache-2.0",
      "locked_url": "https://github.com/flox/nixpkgs?rev=46e634be05ce9dc6d4db8e664515ba10b78151ae",
      "name": "typescript-5.8.2",
      "pname": "typescript",
      "rev": "46e634be05ce9dc6d4db8e664515ba10b78151ae",
      "rev_count": 791944,
      "rev_date": "2025-04-29T12:35:57Z",
      "scrape_date": "2025-04-30T04:20:36.677314Z",
      "stabilities": [
        "unstable"
      ],
      "unfree": false,
      "version": "5.8.2",
      "outputs_to_install": [
        "out"
      ],
      "outputs": {
        "out": "/nix/store/z5rynsf0zfw7kj0jpd83367nmjwmbzpv-typescript-5.8.2"
      },
      "system": "aarch64-darwin",
      "group": "toplevel",
      "priority": 5
    },
    {
      "attr_path": "typescript",
      "broken": false,
      "derivation": "/nix/store/i7qddg1chhp7hj9c7mh08ddmp83aya4h-typescript-5.8.2.drv",
      "description": "Superset of JavaScript that compiles to clean JavaScript output",
      "install_id": "aws_cdk_dependency_ts",
      "license": "Apache-2.0",
      "locked_url": "https://github.com/flox/nixpkgs?rev=46e634be05ce9dc6d4db8e664515ba10b78151ae",
      "name": "typescript-5.8.2",
      "pname": "typescript",
      "rev": "46e634be05ce9dc6d4db8e664515ba10b78151ae",
      "rev_count": 791944,
      "rev_date": "2025-04-29T12:35:57Z",
      "scrape_date": "2025-04-30T04:39:51.934119Z",
      "stabilities": [
        "unstable"
      ],
      "unfree": false,
      "version": "5.8.2",
      "outputs_to_install": [
        "out"
      ],
      "outputs": {
        "out": "/nix/store/x56m8s70wfglk9yfcj5aiyhkq818zfsg-typescript-5.8.2"
      },
      "system": "aarch64-linux",
      "group": "toplevel",
      "priority": 5
    },
    {
      "attr_path": "typescript",
      "broken": false,
      "derivation": "/nix/store/81fa8ixd87qqfa03x167pknbbxn1m7ls-typescript-5.8.2.drv",
      "description": "Superset of JavaScript that compiles to clean JavaScript output",
      "install_id": "aws_cdk_dependency_ts",
      "license": "Apache-2.0",
      "locked_url": "https://github.com/flox/nixpkgs?rev=46e634be05ce9dc6d4db8e664515ba10b78151ae",
      "name": "typescript-5.8.2",
      "pname": "typescript",
      "rev": "46e634be05ce9dc6d4db8e664515ba10b78151ae",
      "rev_count": 791944,
      "rev_date": "2025-04-29T12:35:57Z",
      "scrape_date": "2025-04-30T04:56:58.330780Z",
      "stabilities": [
        "unstable"
      ],
      "unfree": false,
      "version": "5.8.2",
      "outputs_to_install": [
        "out"
      ],
      "outputs": {
        "out": "/nix/store/h047nnjylx53pld04hmj1n93550f6gx9-typescript-5.8.2"
      },
      "system": "x86_64-darwin",
      "group": "toplevel",
      "priority": 5
    },
    {
      "attr_path": "typescript",
      "broken": false,
      "derivation": "/nix/store/mrl4fkpiaqb8w0y9mnsh469lh8a9ymg3-typescript-5.8.2.drv",
      "description": "Superset of JavaScript that compiles to clean JavaScript output",
      "install_id": "aws_cdk_dependency_ts",
      "license": "Apache-2.0",
      "locked_url": "https://github.com/flox/nixpkgs?rev=46e634be05ce9dc6d4db8e664515ba10b78151ae",
      "name": "typescript-5.8.2",
      "pname": "typescript",
      "rev": "46e634be05ce9dc6d4db8e664515ba10b78151ae",
      "rev_count": 791944,
      "rev_date": "2025-04-29T12:35:57Z",
      "scrape_date": "2025-04-30T05:22:08.034483Z",
      "stabilities": [
        "unstable"
      ],
      "unfree": false,
      "version": "5.8.2",
      "outputs_to_install": [
        "out"
      ],
      "outputs": {
        "out": "/nix/store/ik5rvpn6yxr67j55bjjlp1nl9z88429r-typescript-5.8.2"
      },
      "system": "x86_64-linux",
      "group": "toplevel",
      "priority": 5
    },
    {
      "attr_path": "jq",
      "broken": false,
      "derivation": "/nix/store/kysqbgfgwgifws19mgz09d4044rzl03f-jq-1.7.1.drv",
      "description": "Lightweight and flexible command-line JSON processor",
      "install_id": "jq",
      "license": "MIT",
      "locked_url": "https://github.com/flox/nixpkgs?rev=46e634be05ce9dc6d4db8e664515ba10b78151ae",
      "name": "jq-1.7.1",
      "pname": "jq",
      "rev": "46e634be05ce9dc6d4db8e664515ba10b78151ae",
      "rev_count": 791944,
      "rev_date": "2025-04-29T12:35:57Z",
      "scrape_date": "2025-04-30T04:19:46.122177Z",
      "stabilities": [
        "unstable"
      ],
      "unfree": false,
      "version": "1.7.1",
      "outputs_to_install": [
        "bin",
        "man"
      ],
      "outputs": {
        "bin": "/nix/store/d0r880glv6pvpxibssrcl2v7v4sqijfx-jq-1.7.1-bin",
        "dev": "/nix/store/d3w37gvgsapsh612vyy0b0lnjq81bhhd-jq-1.7.1-dev",
        "doc": "/nix/store/31mydlnw005lpaslc5yqgmxy5mfhzs98-jq-1.7.1-doc",
        "man": "/nix/store/51dbhjrpi3dnj3jv9npjk1wvqcjfpz2n-jq-1.7.1-man",
        "out": "/nix/store/kd68ckkv7lqnfb46rk1746mhig0hhpl5-jq-1.7.1"
      },
      "system": "aarch64-darwin",
      "group": "toplevel",
      "priority": 5
    },
    {
      "attr_path": "jq",
      "broken": false,
      "derivation": "/nix/store/mf49wmr7dzwax8vncr8gs77lgnajaarx-jq-1.7.1.drv",
      "description": "Lightweight and flexible command-line JSON processor",
      "install_id": "jq",
      "license": "MIT",
      "locked_url": "https://github.com/flox/nixpkgs?rev=46e634be05ce9dc6d4db8e664515ba10b78151ae",
      "name": "jq-1.7.1",
      "pname": "jq",
      "rev": "46e634be05ce9dc6d4db8e664515ba10b78151ae",
      "rev_count": 791944,
      "rev_date": "2025-04-29T12:35:57Z",
      "scrape_date": "2025-04-30T04:38:33.055358Z",
      "stabilities": [
        "unstable"
      ],
      "unfree": false,
      "version": "1.7.1",
      "outputs_to_install": [
        "bin",
        "man"
      ],
      "outputs": {
        "bin": "/nix/store/k8if483b70jz7k45v7r3zgpwx600slaz-jq-1.7.1-bin",
        "dev": "/nix/store/l89ym36dx7cr6mxlgxlgzdg9wpi3sfn1-jq-1.7.1-dev",
        "doc": "/nix/store/cy1fhm3bshrpa32ld7vv354hwgd4nxlf-jq-1.7.1-doc",
        "man": "/nix/store/857krxj0db5bri4z9gks0hfgw6bzv9wg-jq-1.7.1-man",
        "out": "/nix/store/vdigqrk4rsyy21wkmcw32np2wg33iq7l-jq-1.7.1"
      },
      "system": "aarch64-linux",
      "group": "toplevel",
      "priority": 5
    },
    {
      "attr_path": "jq",
      "broken": false,
      "derivation": "/nix/store/h2pw48h5vwkabjrvq7ff08y6gdfl7dqw-jq-1.7.1.drv",
      "description": "Lightweight and flexible command-line JSON processor",
      "install_id": "jq",
      "license": "MIT",
      "locked_url": "https://github.com/flox/nixpkgs?rev=46e634be05ce9dc6d4db8e664515ba10b78151ae",
      "name": "jq-1.7.1",
      "pname": "jq",
      "rev": "46e634be05ce9dc6d4db8e664515ba10b78151ae",
      "rev_count": 791944,
      "rev_date": "2025-04-29T12:35:57Z",
      "scrape_date": "2025-04-30T04:56:07.931549Z",
      "stabilities": [
        "unstable"
      ],
      "unfree": false,
      "version": "1.7.1",
      "outputs_to_install": [
        "bin",
        "man"
      ],
      "outputs": {
        "bin": "/nix/store/d7scikakdayw3xjw8pm55q8j146qwxwd-jq-1.7.1-bin",
        "dev": "/nix/store/h80zvna5sb5klg3q56l22rw2cac35pzm-jq-1.7.1-dev",
        "doc": "/nix/store/v51p982wn5hrjvfprr5h5f7ffakj86iq-jq-1.7.1-doc",
        "man": "/nix/store/giabrd1iawzw666w62n4dw7czs6k580i-jq-1.7.1-man",
        "out": "/nix/store/8fd0arnj59yvp8clz9a14p61dhchp8kk-jq-1.7.1"
      },
      "system": "x86_64-darwin",
      "group": "toplevel",
      "priority": 5
    },
    {
      "attr_path": "jq",
      "broken": false,
      "derivation": "/nix/store/pv893078nkchi2flra5cfdl04fv2qzcz-jq-1.7.1.drv",
      "description": "Lightweight and flexible command-line JSON processor",
      "install_id": "jq",
      "license": "MIT",
      "locked_url": "https://github.com/flox/nixpkgs?rev=46e634be05ce9dc6d4db8e664515ba10b78151ae",
      "name": "jq-1.7.1",
      "pname": "jq",
      "rev": "46e634be05ce9dc6d4db8e664515ba10b78151ae",
      "rev_count": 791944,
      "rev_date": "2025-04-29T12:35:57Z",
      "scrape_date": "2025-04-30T05:20:39.598806Z",
      "stabilities": [
        "unstable"
      ],
      "unfree": false,
      "version": "1.7.1",
      "outputs_to_install": [
        "bin",
        "man"
      ],
      "outputs": {
        "bin": "/nix/store/3nawavhk39z9p0l87vdpbiarvyirzv01-jq-1.7.1-bin",
        "dev": "/nix/store/g53bmywyp08ppwfcr8i0hilpz2v7vby7-jq-1.7.1-dev",
        "doc": "/nix/store/hf32jpvi9pg899kz18iwnlw57w83kq78-jq-1.7.1-doc",
        "man": "/nix/store/9ym6hfn6id819vmjgffn9lxk980q6xbm-jq-1.7.1-man",
        "out": "/nix/store/2y5zfakdg53hqbac3rnvb72vmllpn9zf-jq-1.7.1"
      },
      "system": "x86_64-linux",
      "group": "toplevel",
      "priority": 5
    }
  ]
}