{
  "lockfile-version": 1,
  "manifest": {
    "version": 1,
    "install": {
      "aws": {
        "pkg-path": "awscli2",
        "version": "2.17.0"
      },
      "aws_cdk_dependency_nodejs": {
        "pkg-path": "nodejs",
        "version": "20.12.2"
      },
      "aws_cdk_dependency_ts": {
        "pkg-path": "typescript",
        "version": "5.5.2"
      },
      "cdk": {
        "pkg-path": "nodePackages.aws-cdk",
        "pkg-group": "aws-cdk",
        "version": "2.133.0"
      },
      "jq": {
        "pkg-path": "jq",
        "version": "1.7.1"
      }
    },
    "vars": {},
    "hook": {},
    "profile": {},
    "options": {
      "systems": [
        "aarch64-darwin",
        "aarch64-linux",
        "x86_64-darwin",
        "x86_64-linux"
      ],
      "allow": {
        "licenses": []
      },
      "semver": {}
    },
    "services": {},
    "build": {}
  },
  "packages": [
    {
      "attr_path": "nodePackages.aws-cdk",
      "broken": false,
      "derivation": "/nix/store/isrcx781r1mhgj9mv1lpypy09q74xhqn-aws-cdk-2.133.0.drv",
      "description": "CDK Toolkit, the command line tool for CDK apps",
      "install_id": "cdk",
      "license": "Apache-2.0",
      "locked_url": "https://github.com/flox/nixpkgs?rev=57610d2f8f0937f39dbd72251e9614b1561942d8",
      "name": "aws-cdk-2.133.0",
      "pname": "aws-cdk",
      "rev": "57610d2f8f0937f39dbd72251e9614b1561942d8",
      "rev_count": 633517,
      "rev_date": "2024-05-31T23:09:26Z",
      "scrape_date": "2024-06-04T09:46:16Z",
      "stabilities": [
        "staging",
        "unstable"
      ],
      "unfree": false,
      "version": "2.133.0",
      "outputs_to_install": [
        "out"
      ],
      "outputs": {
        "out": "/nix/store/4s6m40s0g87pyh9qrjdapasdmgwq68c0-aws-cdk-2.133.0"
      },
      "system": "aarch64-darwin",
      "group": "aws-cdk",
      "priority": 5
    },
    {
      "attr_path": "nodePackages.aws-cdk",
      "broken": false,
      "derivation": "/nix/store/phah1rd5x6zppdrnn6lrggm81j8ifbfq-aws-cdk-2.133.0.drv",
      "description": "CDK Toolkit, the command line tool for CDK apps",
      "install_id": "cdk",
      "license": "Apache-2.0",
      "locked_url": "https://github.com/flox/nixpkgs?rev=57610d2f8f0937f39dbd72251e9614b1561942d8",
      "name": "aws-cdk-2.133.0",
      "pname": "aws-cdk",
      "rev": "57610d2f8f0937f39dbd72251e9614b1561942d8",
      "rev_count": 633517,
      "rev_date": "2024-05-31T23:09:26Z",
      "scrape_date": "2024-06-04T09:46:16Z",
      "stabilities": [
        "staging",
        "unstable"
      ],
      "unfree": false,
      "version": "2.133.0",
      "outputs_to_install": [
        "out"
      ],
      "outputs": {
        "out": "/nix/store/0yndhk7h6vgq994azp2mx2zc9lqazfwi-aws-cdk-2.133.0"
      },
      "system": "aarch64-linux",
      "group": "aws-cdk",
      "priority": 5
    },
    {
      "attr_path": "nodePackages.aws-cdk",
      "broken": false,
      "derivation": "/nix/store/l4maclwdqv29849mfdrgshamrg95knhr-aws-cdk-2.133.0.drv",
      "description": "CDK Toolkit, the command line tool for CDK apps",
      "install_id": "cdk",
      "license": "Apache-2.0",
      "locked_url": "https://github.com/flox/nixpkgs?rev=57610d2f8f0937f39dbd72251e9614b1561942d8",
      "name": "aws-cdk-2.133.0",
      "pname": "aws-cdk",
      "rev": "57610d2f8f0937f39dbd72251e9614b1561942d8",
      "rev_count": 633517,
      "rev_date": "2024-05-31T23:09:26Z",
      "scrape_date": "2024-06-04T09:46:16Z",
      "stabilities": [
        "staging",
        "unstable"
      ],
      "unfree": false,
      "version": "2.133.0",
      "outputs_to_install": [
        "out"
      ],
      "outputs": {
        "out": "/nix/store/rahacvj8wj79lmj2c1f0dvbjjj2bl9bg-aws-cdk-2.133.0"
      },
      "system": "x86_64-darwin",
      "group": "aws-cdk",
      "priority": 5
    },
    {
      "attr_path": "nodePackages.aws-cdk",
      "broken": false,
      "derivation": "/nix/store/9fd7g8n8p6h8flqhhrz9rvwniqkyxxzv-aws-cdk-2.133.0.drv",
      "description": "CDK Toolkit, the command line tool for CDK apps",
      "install_id": "cdk",
      "license": "Apache-2.0",
      "locked_url": "https://github.com/flox/nixpkgs?rev=57610d2f8f0937f39dbd72251e9614b1561942d8",
      "name": "aws-cdk-2.133.0",
      "pname": "aws-cdk",
      "rev": "57610d2f8f0937f39dbd72251e9614b1561942d8",
      "rev_count": 633517,
      "rev_date": "2024-05-31T23:09:26Z",
      "scrape_date": "2024-06-04T09:46:16Z",
      "stabilities": [
        "staging",
        "unstable"
      ],
      "unfree": false,
      "version": "2.133.0",
      "outputs_to_install": [
        "out"
      ],
      "outputs": {
        "out": "/nix/store/dp479qpknkmwdf3l0spdklllcyj8qc1c-aws-cdk-2.133.0"
      },
      "system": "x86_64-linux",
      "group": "aws-cdk",
      "priority": 5
    },
    {
      "attr_path": "awscli2",
      "broken": false,
      "derivation": "/nix/store/fk2iggyy1c8q7045v8rpfz2x1x8yxm9v-awscli2-2.17.0.drv",
      "description": "Unified tool to manage your AWS services",
      "install_id": "aws",
      "license": "Apache-2.0",
      "locked_url": "https://github.com/flox/nixpkgs?rev=2741b4b489b55df32afac57bc4bfd220e8bf617e",
      "name": "awscli2-2.17.0",
      "pname": "awscli2",
      "rev": "2741b4b489b55df32afac57bc4bfd220e8bf617e",
      "rev_count": 645454,
      "rev_date": "2024-06-29T19:44:37Z",
      "scrape_date": "2024-07-02T05:57:57Z",
      "unfree": false,
      "version": "2.17.0",
      "outputs_to_install": [
        "out"
      ],
      "outputs": {
        "dist": "/nix/store/a03zc0zxmf8xx02pc7j4dsycbz6vf4yq-awscli2-2.17.0-dist",
        "out": "/nix/store/v9xss3bwpvw6ld5h2nsr08zsy1lvj3sd-awscli2-2.17.0"
      },
      "system": "aarch64-darwin",
      "group": "toplevel",
      "priority": 5
    },
    {
      "attr_path": "awscli2",
      "broken": false,
      "derivation": "/nix/store/fffsi9a4qpz7f7bcrc88vf0nxs9n5h0n-awscli2-2.17.0.drv",
      "description": "Unified tool to manage your AWS services",
      "install_id": "aws",
      "license": "Apache-2.0",
      "locked_url": "https://github.com/flox/nixpkgs?rev=2741b4b489b55df32afac57bc4bfd220e8bf617e",
      "name": "awscli2-2.17.0",
      "pname": "awscli2",
      "rev": "2741b4b489b55df32afac57bc4bfd220e8bf617e",
      "rev_count": 645454,
      "rev_date": "2024-06-29T19:44:37Z",
      "scrape_date": "2024-07-02T05:57:57Z",
      "unfree": false,
      "version": "2.17.0",
      "outputs_to_install": [
        "out"
      ],
      "outputs": {
        "dist": "/nix/store/wcbxlldpa9dp6si7864sg0pbnk3dndlw-awscli2-2.17.0-dist",
        "out": "/nix/store/lbcq024pyardrsxrq909zynk7cpxm404-awscli2-2.17.0"
      },
      "system": "aarch64-linux",
      "group": "toplevel",
      "priority": 5
    },
    {
      "attr_path": "awscli2",
      "broken": false,
      "derivation": "/nix/store/dx31y7r2kf6gbb1qgyqq77pbdlznx3d6-awscli2-2.17.0.drv",
      "description": "Unified tool to manage your AWS services",
      "install_id": "aws",
      "license": "Apache-2.0",
      "locked_url": "https://github.com/flox/nixpkgs?rev=2741b4b489b55df32afac57bc4bfd220e8bf617e",
      "name": "awscli2-2.17.0",
      "pname": "awscli2",
      "rev": "2741b4b489b55df32afac57bc4bfd220e8bf617e",
      "rev_count": 645454,
      "rev_date": "2024-06-29T19:44:37Z",
      "scrape_date": "2024-07-02T05:57:57Z",
      "unfree": false,
      "version": "2.17.0",
      "outputs_to_install": [
        "out"
      ],
      "outputs": {
        "dist": "/nix/store/a9vzz0z6rbji3fcrnylhv5xv9vqprv19-awscli2-2.17.0-dist",
        "out": "/nix/store/xjbi0mnsd5gm1nlphidg9x1wkk83rf9l-awscli2-2.17.0"
      },
      "system": "x86_64-darwin",
      "group": "toplevel",
      "priority": 5
    },
    {
      "attr_path": "awscli2",
      "broken": false,
      "derivation": "/nix/store/2rk9gqsy6v3lhsc3ll6vmai71nz0dnyp-awscli2-2.17.0.drv",
      "description": "Unified tool to manage your AWS services",
      "install_id": "aws",
      "license": "Apache-2.0",
      "locked_url": "https://github.com/flox/nixpkgs?rev=2741b4b489b55df32afac57bc4bfd220e8bf617e",
      "name": "awscli2-2.17.0",
      "pname": "awscli2",
      "rev": "2741b4b489b55df32afac57bc4bfd220e8bf617e",
      "rev_count": 645454,
      "rev_date": "2024-06-29T19:44:37Z",
      "scrape_date": "2024-07-02T05:57:57Z",
      "unfree": false,
      "version": "2.17.0",
      "outputs_to_install": [
        "out"
      ],
      "outputs": {
        "dist": "/nix/store/hscm41qlj2snmpylpm9y90glvp1bqg0k-awscli2-2.17.0-dist",
        "out": "/nix/store/lphj51m7iy36g0fvdjvrn2zqg77hwg8k-awscli2-2.17.0"
      },
      "system": "x86_64-linux",
      "group": "toplevel",
      "priority": 5
    },
    {
      "attr_path": "nodejs",
      "broken": false,
      "derivation": "/nix/store/sa3i5yn209hngdnj8z9v6n8hj9cly6g8-nodejs-20.12.2.drv",
      "description": "Event-driven I/O framework for the V8 JavaScript engine",
      "install_id": "aws_cdk_dependency_nodejs",
      "license": "MIT",
      "locked_url": "https://github.com/flox/nixpkgs?rev=2741b4b489b55df32afac57bc4bfd220e8bf617e",
      "name": "nodejs-20.12.2",
      "pname": "nodejs",
      "rev": "2741b4b489b55df32afac57bc4bfd220e8bf617e",
      "rev_count": 645454,
      "rev_date": "2024-06-29T19:44:37Z",
      "scrape_date": "2024-07-02T05:57:57Z",
      "unfree": false,
      "version": "20.12.2",
      "outputs_to_install": [
        "out"
      ],
      "outputs": {
        "libv8": "/nix/store/08xq7dq3gmv0cs6b4283xihjvhy9d1vy-nodejs-20.12.2-libv8",
        "out": "/nix/store/ridvrr7dsnxpvh3f1sr41xiwvwk1nnkg-nodejs-20.12.2"
      },
      "system": "aarch64-darwin",
      "group": "toplevel",
      "priority": 5
    },
    {
      "attr_path": "nodejs",
      "broken": false,
      "derivation": "/nix/store/7y271ans4l161047rid91xfqis2wqfzm-nodejs-20.12.2.drv",
      "description": "Event-driven I/O framework for the V8 JavaScript engine",
      "install_id": "aws_cdk_dependency_nodejs",
      "license": "MIT",
      "locked_url": "https://github.com/flox/nixpkgs?rev=2741b4b489b55df32afac57bc4bfd220e8bf617e",
      "name": "nodejs-20.12.2",
      "pname": "nodejs",
      "rev": "2741b4b489b55df32afac57bc4bfd220e8bf617e",
      "rev_count": 645454,
      "rev_date": "2024-06-29T19:44:37Z",
      "scrape_date": "2024-07-02T05:57:57Z",
      "unfree": false,
      "version": "20.12.2",
      "outputs_to_install": [
        "out"
      ],
      "outputs": {
        "libv8": "/nix/store/5gbmjz6s6bqniqpmzszz1mxis6bsvkk7-nodejs-20.12.2-libv8",
        "out": "/nix/store/ybhzncvkslqd0b9c3lp91l0wphjzczc8-nodejs-20.12.2"
      },
      "system": "aarch64-linux",
      "group": "toplevel",
      "priority": 5
    },
    {
      "attr_path": "nodejs",
      "broken": false,
      "derivation": "/nix/store/3jpcs3h5l5n81azsx9x1xzs7r4napdih-nodejs-20.12.2.drv",
      "description": "Event-driven I/O framework for the V8 JavaScript engine",
      "install_id": "aws_cdk_dependency_nodejs",
      "license": "MIT",
      "locked_url": "https://github.com/flox/nixpkgs?rev=2741b4b489b55df32afac57bc4bfd220e8bf617e",
      "name": "nodejs-20.12.2",
      "pname": "nodejs",
      "rev": "2741b4b489b55df32afac57bc4bfd220e8bf617e",
      "rev_count": 645454,
      "rev_date": "2024-06-29T19:44:37Z",
      "scrape_date": "2024-07-02T05:57:57Z",
      "unfree": false,
      "version": "20.12.2",
      "outputs_to_install": [
        "out"
      ],
      "outputs": {
        "libv8": "/nix/store/mmfi1a89j8ph7x0rkqy43fc9h31hxxcr-nodejs-20.12.2-libv8",
        "out": "/nix/store/gxi71m2y8x1rl83dpr1g0x9yz3klrcb0-nodejs-20.12.2"
      },
      "system": "x86_64-darwin",
      "group": "toplevel",
      "priority": 5
    },
    {
      "attr_path": "nodejs",
      "broken": false,
      "derivation": "/nix/store/2s2bmvmp499d040ycpmda83ql0vp47yl-nodejs-20.12.2.drv",
      "description": "Event-driven I/O framework for the V8 JavaScript engine",
      "install_id": "aws_cdk_dependency_nodejs",
      "license": "MIT",
      "locked_url": "https://github.com/flox/nixpkgs?rev=2741b4b489b55df32afac57bc4bfd220e8bf617e",
      "name": "nodejs-20.12.2",
      "pname": "nodejs",
      "rev": "2741b4b489b55df32afac57bc4bfd220e8bf617e",
      "rev_count": 645454,
      "rev_date": "2024-06-29T19:44:37Z",
      "scrape_date": "2024-07-02T05:57:57Z",
      "unfree": false,
      "version": "20.12.2",
      "outputs_to_install": [
        "out"
      ],
      "outputs": {
        "libv8": "/nix/store/qgrqys125k7c7ish5l1bkphgi49nbcig-nodejs-20.12.2-libv8",
        "out": "/nix/store/74a6mmrgxzcg9axl1gmdz3j2y1bjd13f-nodejs-20.12.2"
      },
      "system": "x86_64-linux",
      "group": "toplevel",
      "priority": 5
    },
    {
      "attr_path": "typescript",
      "broken": false,
      "derivation": "/nix/store/jsrqdh9c1g3z1wngx4jpap9pxf672bm4-typescript-5.5.2.drv",
      "description": "Superset of JavaScript that compiles to clean JavaScript output",
      "install_id": "aws_cdk_dependency_ts",
      "license": "Apache-2.0",
      "locked_url": "https://github.com/flox/nixpkgs?rev=2741b4b489b55df32afac57bc4bfd220e8bf617e",
      "name": "typescript-5.5.2",
      "pname": "typescript",
      "rev": "2741b4b489b55df32afac57bc4bfd220e8bf617e",
      "rev_count": 645454,
      "rev_date": "2024-06-29T19:44:37Z",
      "scrape_date": "2024-07-02T05:57:57Z",
      "unfree": false,
      "version": "5.5.2",
      "outputs_to_install": [
        "out"
      ],
      "outputs": {
        "out": "/nix/store/37fymdcm52z649ppnr80akaxszklxnbm-typescript-5.5.2"
      },
      "system": "aarch64-darwin",
      "group": "toplevel",
      "priority": 5
    },
    {
      "attr_path": "typescript",
      "broken": false,
      "derivation": "/nix/store/756jznq35iqnn3gn9md4gb6q38niz7wv-typescript-5.5.2.drv",
      "description": "Superset of JavaScript that compiles to clean JavaScript output",
      "install_id": "aws_cdk_dependency_ts",
      "license": "Apache-2.0",
      "locked_url": "https://github.com/flox/nixpkgs?rev=2741b4b489b55df32afac57bc4bfd220e8bf617e",
      "name": "typescript-5.5.2",
      "pname": "typescript",
      "rev": "2741b4b489b55df32afac57bc4bfd220e8bf617e",
      "rev_count": 645454,
      "rev_date": "2024-06-29T19:44:37Z",
      "scrape_date": "2024-07-02T05:57:57Z",
      "unfree": false,
      "version": "5.5.2",
      "outputs_to_install": [
        "out"
      ],
      "outputs": {
        "out": "/nix/store/ycjmz78469jiv4h4cap7zrhsc1k92zyf-typescript-5.5.2"
      },
      "system": "aarch64-linux",
      "group": "toplevel",
      "priority": 5
    },
    {
      "attr_path": "typescript",
      "broken": false,
      "derivation": "/nix/store/5vcqxplnmx5y8j2fvnd5xwh0yldac4jc-typescript-5.5.2.drv",
      "description": "Superset of JavaScript that compiles to clean JavaScript output",
      "install_id": "aws_cdk_dependency_ts",
      "license": "Apache-2.0",
      "locked_url": "https://github.com/flox/nixpkgs?rev=2741b4b489b55df32afac57bc4bfd220e8bf617e",
      "name": "typescript-5.5.2",
      "pname": "typescript",
      "rev": "2741b4b489b55df32afac57bc4bfd220e8bf617e",
      "rev_count": 645454,
      "rev_date": "2024-06-29T19:44:37Z",
      "scrape_date": "2024-07-02T05:57:57Z",
      "unfree": false,
      "version": "5.5.2",
      "outputs_to_install": [
        "out"
      ],
      "outputs": {
        "out": "/nix/store/kbmpmschzzj6vj3b61k2zdla8cz0wcig-typescript-5.5.2"
      },
      "system": "x86_64-darwin",
      "group": "toplevel",
      "priority": 5
    },
    {
      "attr_path": "typescript",
      "broken": false,
      "derivation": "/nix/store/rpwwz3fql280b6wnfh236724j071x6lg-typescript-5.5.2.drv",
      "description": "Superset of JavaScript that compiles to clean JavaScript output",
      "install_id": "aws_cdk_dependency_ts",
      "license": "Apache-2.0",
      "locked_url": "https://github.com/flox/nixpkgs?rev=2741b4b489b55df32afac57bc4bfd220e8bf617e",
      "name": "typescript-5.5.2",
      "pname": "typescript",
      "rev": "2741b4b489b55df32afac57bc4bfd220e8bf617e",
      "rev_count": 645454,
      "rev_date": "2024-06-29T19:44:37Z",
      "scrape_date": "2024-07-02T05:57:57Z",
      "unfree": false,
      "version": "5.5.2",
      "outputs_to_install": [
        "out"
      ],
      "outputs": {
        "out": "/nix/store/8h5s7xk9pq5i0nqv5qhs6pn4vw8mrj5f-typescript-5.5.2"
      },
      "system": "x86_64-linux",
      "group": "toplevel",
      "priority": 5
    },
    {
      "attr_path": "jq",
      "broken": false,
      "derivation": "/nix/store/23wb5s3lxhbywrpmkgj5qj748dakc8nl-jq-1.7.1.drv",
      "description": "Lightweight and flexible command-line JSON processor",
      "install_id": "jq",
      "license": "MIT",
      "locked_url": "https://github.com/flox/nixpkgs?rev=2741b4b489b55df32afac57bc4bfd220e8bf617e",
      "name": "jq-1.7.1",
      "pname": "jq",
      "rev": "2741b4b489b55df32afac57bc4bfd220e8bf617e",
      "rev_count": 645454,
      "rev_date": "2024-06-29T19:44:37Z",
      "scrape_date": "2024-07-02T05:57:57Z",
      "unfree": false,
      "version": "1.7.1",
      "outputs_to_install": [
        "bin",
        "man"
      ],
      "outputs": {
        "bin": "/nix/store/xg81izi6f47kqkdz18pfmrdc51dknlhw-jq-1.7.1-bin",
        "dev": "/nix/store/imrjldza91f77jby5lxjbkgfxnfkz03y-jq-1.7.1-dev",
        "doc": "/nix/store/5ia7b8a8g06qj1sbx8a5ps143nq6mvnl-jq-1.7.1-doc",
        "lib": "/nix/store/22kzijygkrk06n9l47imyd03l94z24x9-jq-1.7.1-lib",
        "man": "/nix/store/q0kqv0ykh9w2hgh2hy8vwfmlsbayfqga-jq-1.7.1-man",
        "out": "/nix/store/kyidd4b152qrmd9f7bijg2wmg58j0ipn-jq-1.7.1"
      },
      "system": "aarch64-darwin",
      "group": "toplevel",
      "priority": 5
    },
    {
      "attr_path": "jq",
      "broken": false,
      "derivation": "/nix/store/48nbmv5hmyy1qwn1q7n3k6k236ifv3m3-jq-1.7.1.drv",
      "description": "Lightweight and flexible command-line JSON processor",
      "install_id": "jq",
      "license": "MIT",
      "locked_url": "https://github.com/flox/nixpkgs?rev=2741b4b489b55df32afac57bc4bfd220e8bf617e",
      "name": "jq-1.7.1",
      "pname": "jq",
      "rev": "2741b4b489b55df32afac57bc4bfd220e8bf617e",
      "rev_count": 645454,
      "rev_date": "2024-06-29T19:44:37Z",
      "scrape_date": "2024-07-02T05:57:57Z",
      "unfree": false,
      "version": "1.7.1",
      "outputs_to_install": [
        "bin",
        "man"
      ],
      "outputs": {
        "bin": "/nix/store/ylxdhn87ciiikr3j7dj7zzyjiqpvvjf1-jq-1.7.1-bin",
        "dev": "/nix/store/kvdypn2pnzyhygkddndm5dqr5r9bnh9j-jq-1.7.1-dev",
        "doc": "/nix/store/24mr3119b8q2vldnxmqdvwifhyq9hvp5-jq-1.7.1-doc",
        "lib": "/nix/store/fxbv61700rhfqszv71zzh8fpl2rmdn5x-jq-1.7.1-lib",
        "man": "/nix/store/sv9fpin9yh8jzyak13rbkv095rjk9qxc-jq-1.7.1-man",
        "out": "/nix/store/vgzh2ffaaj9yp64vayhqhc7qkc461fcq-jq-1.7.1"
      },
      "system": "aarch64-linux",
      "group": "toplevel",
      "priority": 5
    },
    {
      "attr_path": "jq",
      "broken": false,
      "derivation": "/nix/store/ms3vpwzv4z23yzz708si7mb0p05k5qav-jq-1.7.1.drv",
      "description": "Lightweight and flexible command-line JSON processor",
      "install_id": "jq",
      "license": "MIT",
      "locked_url": "https://github.com/flox/nixpkgs?rev=2741b4b489b55df32afac57bc4bfd220e8bf617e",
      "name": "jq-1.7.1",
      "pname": "jq",
      "rev": "2741b4b489b55df32afac57bc4bfd220e8bf617e",
      "rev_count": 645454,
      "rev_date": "2024-06-29T19:44:37Z",
      "scrape_date": "2024-07-02T05:57:57Z",
      "unfree": false,
      "version": "1.7.1",
      "outputs_to_install": [
        "bin",
        "man"
      ],
      "outputs": {
        "bin": "/nix/store/n2ajnzxcpai56qgdpxmsjm3p0yh5x01w-jq-1.7.1-bin",
        "dev": "/nix/store/m1rmwi29wl6sqayh03p2n5m2nr5bi7x9-jq-1.7.1-dev",
        "doc": "/nix/store/kdihmz92mp651r2y8ayhrw7jyyy1cmmw-jq-1.7.1-doc",
        "lib": "/nix/store/xa4rfy519k4ynxxiqzg964gp1gvcqrsz-jq-1.7.1-lib",
        "man": "/nix/store/lgq2p12gxs4piikdnszwiiyxljpmk9d1-jq-1.7.1-man",
        "out": "/nix/store/0pvazidxnykrznr7myzjq168s69n29dq-jq-1.7.1"
      },
      "system": "x86_64-darwin",
      "group": "toplevel",
      "priority": 5
    },
    {
      "attr_path": "jq",
      "broken": false,
      "derivation": "/nix/store/ylvn3x16giyz4fha457jsf35n3k2gxmg-jq-1.7.1.drv",
      "description": "Lightweight and flexible command-line JSON processor",
      "install_id": "jq",
      "license": "MIT",
      "locked_url": "https://github.com/flox/nixpkgs?rev=2741b4b489b55df32afac57bc4bfd220e8bf617e",
      "name": "jq-1.7.1",
      "pname": "jq",
      "rev": "2741b4b489b55df32afac57bc4bfd220e8bf617e",
      "rev_count": 645454,
      "rev_date": "2024-06-29T19:44:37Z",
      "scrape_date": "2024-07-02T05:57:57Z",
      "unfree": false,
      "version": "1.7.1",
      "outputs_to_install": [
        "bin",
        "man"
      ],
      "outputs": {
        "bin": "/nix/store/d2kin53ib2ii492ql1kznjsgy85lhwdz-jq-1.7.1-bin",
        "dev": "/nix/store/zdhjf7wlszzjywpy5zvvzpkf9iyllkw5-jq-1.7.1-dev",
        "doc": "/nix/store/ji5hnw6mskl27rls3979bb2npzhjbqcb-jq-1.7.1-doc",
        "lib": "/nix/store/xj4yxyfrac5gkphn4y7rjl049i4m01fn-jq-1.7.1-lib",
        "man": "/nix/store/jlp81pv77mdfw10xqbrwfzn7j45jzvik-jq-1.7.1-man",
        "out": "/nix/store/lbbfggfihm00ban6qn74z055czaqdmx5-jq-1.7.1"
      },
      "system": "x86_64-linux",
      "group": "toplevel",
      "priority": 5
    }
  ]
}